
Microsoft Visual Studio Solution File, Format Version 12.00
# Visual Studio 15
VisualStudioVersion = 15.0.27428.2043
MinimumVisualStudioVersion = 10.0.40219.1
Project("{FAE04EC0-301F-11D3-BF4B-00C04F79EFBC}") = "selfInteriorSimulation", "selfInteriorSimulation\selfInteriorSimulation.csproj", "{01BF2F8E-ADA8-4E41-AFB9-2B7D872F45F4}"
EndProject
Global
	GlobalSection(SolutionConfigurationPlatforms) = preSolution
		Debug|Any CPU = Debug|Any CPU
		Release|Any CPU = Release|Any CPU
	EndGlobalSection
	GlobalSection(ProjectConfigurationPlatforms) = postSolution
		{01BF2F8E-ADA8-4E41-AFB9-2B7D872F45F4}.Debug|Any CPU.ActiveCfg = Debug|Any CPU
		{01BF2F8E-ADA8-4E41-AFB9-2B7D872F45F4}.Debug|Any CPU.Build.0 = Debug|Any CPU
		{01BF2F8E-ADA8-4E41-AFB9-2B7D872F45F4}.Release|Any CPU.ActiveCfg = Release|Any CPU
		{01BF2F8E-ADA8-4E41-AFB9-2B7D872F45F4}.Release|Any CPU.Build.0 = Release|Any CPU
	EndGlobalSection
	GlobalSection(SolutionProperties) = preSolution
		HideSolutionNode = FALSE
	EndGlobalSection
	GlobalSection(ExtensibilityGlobals) = postSolution
		SolutionGuid = {EC710AF5-F5E1-4716-A7C9-69FA5B1DE440}
	EndGlobalSection
EndGlobal
